
Microsoft Visual Studio Solution File, Format Version 12.00
# Visual Studio Version 16
VisualStudioVersion = 16.0.30523.141
MinimumVisualStudioVersion = 10.0.40219.1
Project("{FAE04EC0-301F-11D3-BF4B-00C04F79EFBC}") = "Reada-Backend", "Reada-Backend.csproj", "{21FE600F-F3D8-4997-8F5B-D018772DDA21}"
EndProject
Global
	GlobalSection(SolutionConfigurationPlatforms) = preSolution
		Debug|Any CPU = Debug|Any CPU
		Release|Any CPU = Release|Any CPU
	EndGlobalSection
	GlobalSection(ProjectConfigurationPlatforms) = postSolution
		{21FE600F-F3D8-4997-8F5B-D018772DDA21}.Debug|Any CPU.ActiveCfg = Debug|Any CPU
		{21FE600F-F3D8-4997-8F5B-D018772DDA21}.Debug|Any CPU.Build.0 = Debug|Any CPU
		{21FE600F-F3D8-4997-8F5B-D018772DDA21}.Release|Any CPU.ActiveCfg = Release|Any CPU
		{21FE600F-F3D8-4997-8F5B-D018772DDA21}.Release|Any CPU.Build.0 = Release|Any CPU
	EndGlobalSection
	GlobalSection(SolutionProperties) = preSolution
		HideSolutionNode = FALSE
	EndGlobalSection
	GlobalSection(ExtensibilityGlobals) = postSolution
		SolutionGuid = {CE39A7AA-2662-4089-97EA-39C6C79D815A}
	EndGlobalSection
EndGlobal
